
Microsoft Visual Studio Solution File, Format Version 11.00
# Visual Studio 2010
Project("{FAE04EC0-301F-11D3-BF4B-00C04F79EFBC}") = "Assembly-CSharp", "Assembly-CSharp.csproj", "{3061317D-8A99-73DE-507D-27DDCC0068FE}"
EndProject
Project("{FAE04EC0-301F-11D3-BF4B-00C04F79EFBC}") = "Assembly-CSharp-Editor", "Assembly-CSharp-Editor.csproj", "{2F720345-34AA-1E37-8D02-E7C7EF3BE122}"
EndProject
Global
	GlobalSection(SolutionConfigurationPlatforms) = preSolution
		Debug|Any CPU = Debug|Any CPU
		Release|Any CPU = Release|Any CPU
	EndGlobalSection
	GlobalSection(ProjectConfigurationPlatforms) = postSolution
		{3061317D-8A99-73DE-507D-27DDCC0068FE}.Debug|Any CPU.ActiveCfg = Debug|Any CPU
		{3061317D-8A99-73DE-507D-27DDCC0068FE}.Debug|Any CPU.Build.0 = Debug|Any CPU
		{3061317D-8A99-73DE-507D-27DDCC0068FE}.Release|Any CPU.ActiveCfg = Release|Any CPU
		{3061317D-8A99-73DE-507D-27DDCC0068FE}.Release|Any CPU.Build.0 = Release|Any CPU
		{2F720345-34AA-1E37-8D02-E7C7EF3BE122}.Debug|Any CPU.ActiveCfg = Debug|Any CPU
		{2F720345-34AA-1E37-8D02-E7C7EF3BE122}.Debug|Any CPU.Build.0 = Debug|Any CPU
		{2F720345-34AA-1E37-8D02-E7C7EF3BE122}.Release|Any CPU.ActiveCfg = Release|Any CPU
		{2F720345-34AA-1E37-8D02-E7C7EF3BE122}.Release|Any CPU.Build.0 = Release|Any CPU
	EndGlobalSection
	GlobalSection(SolutionProperties) = preSolution
		HideSolutionNode = FALSE
	EndGlobalSection
	GlobalSection(MonoDevelopProperties) = preSolution
		StartupItem = Assembly-CSharp.csproj
	EndGlobalSection
EndGlobal
